
Microsoft Visual Studio Solution File, Format Version 12.00
# Visual Studio 2013
VisualStudioVersion = 12.0.31101.0
MinimumVisualStudioVersion = 10.0.40219.1
Project("{FAE04EC0-301F-11D3-BF4B-00C04F79EFBC}") = "HeuristicLab.Problems.CFG", "HeuristicLab.Problems.CFG\HeuristicLab.Problems.CFG.csproj", "{0C90F665-57A1-4773-8C6E-28E73B8968BC}"
EndProject
Project("{FAE04EC0-301F-11D3-BF4B-00C04F79EFBC}") = "HeuristicLab.IronPython-2.7.5", "HeuristicLab.IronPython-2.7.5\HeuristicLab.IronPython-2.7.5.csproj", "{21977CC3-1757-4B3B-87BD-FF817AAA900F}"
EndProject
Project("{FAE04EC0-301F-11D3-BF4B-00C04F79EFBC}") = "HeuristicLab.Problems.Instances.CFG", "HeuristicLab.Problems.Instances.CFG\HeuristicLab.Problems.Instances.CFG.csproj", "{4996FDBE-C9F3-4A0B-A1F1-8A1A5A1780E1}"
EndProject
Project("{FAE04EC0-301F-11D3-BF4B-00C04F79EFBC}") = "HeuristicLab.Misc", "HeuristicLab.Misc\HeuristicLab.Misc.csproj", "{0E26857A-8F65-4A60-A939-FBE90298AFAF}"
EndProject
Project("{FAE04EC0-301F-11D3-BF4B-00C04F79EFBC}") = "HeuristicLab.Problems.CFG.Python", "HeuristicLab.Problems.CFG.Python\HeuristicLab.Problems.CFG.Python.csproj", "{CF97234D-9B43-405F-AFEA-DB13685B48EF}"
EndProject
Project("{FAE04EC0-301F-11D3-BF4B-00C04F79EFBC}") = "HeuristicLab.Problems.CFG.Python.Semantics", "HeuristicLab.Problems.CFG.Python.Semantics\HeuristicLab.Problems.CFG.Python.Semantics.csproj", "{E8BC9B40-560D-4A99-AB10-35FFB1D32C34}"
EndProject
Project("{FAE04EC0-301F-11D3-BF4B-00C04F79EFBC}") = "HeuristicLab.Newtonsoft.Json-8.0.2", "HeuristicLab.Newtonsoft.Json-8.0.2\HeuristicLab.Newtonsoft.Json-8.0.2.csproj", "{2FDF548D-686F-427D-AD8E-86B7D390286A}"
EndProject
Global
	GlobalSection(SolutionConfigurationPlatforms) = preSolution
		Debug|Any CPU = Debug|Any CPU
		Debug|x64 = Debug|x64
		Debug|x86 = Debug|x86
		Release|Any CPU = Release|Any CPU
		Release|x64 = Release|x64
		Release|x86 = Release|x86
	EndGlobalSection
	GlobalSection(ProjectConfigurationPlatforms) = postSolution
		{0C90F665-57A1-4773-8C6E-28E73B8968BC}.Debug|Any CPU.ActiveCfg = Debug|Any CPU
		{0C90F665-57A1-4773-8C6E-28E73B8968BC}.Debug|Any CPU.Build.0 = Debug|Any CPU
		{0C90F665-57A1-4773-8C6E-28E73B8968BC}.Debug|x64.ActiveCfg = Debug|Any CPU
		{0C90F665-57A1-4773-8C6E-28E73B8968BC}.Debug|x86.ActiveCfg = Debug|Any CPU
		{0C90F665-57A1-4773-8C6E-28E73B8968BC}.Release|Any CPU.ActiveCfg = Release|Any CPU
		{0C90F665-57A1-4773-8C6E-28E73B8968BC}.Release|Any CPU.Build.0 = Release|Any CPU
		{0C90F665-57A1-4773-8C6E-28E73B8968BC}.Release|x64.ActiveCfg = Release|Any CPU
		{0C90F665-57A1-4773-8C6E-28E73B8968BC}.Release|x86.ActiveCfg = Release|Any CPU
		{21977CC3-1757-4B3B-87BD-FF817AAA900F}.Debug|Any CPU.ActiveCfg = Debug|Any CPU
		{21977CC3-1757-4B3B-87BD-FF817AAA900F}.Debug|Any CPU.Build.0 = Debug|Any CPU
		{21977CC3-1757-4B3B-87BD-FF817AAA900F}.Debug|x64.ActiveCfg = Debug|x64
		{21977CC3-1757-4B3B-87BD-FF817AAA900F}.Debug|x64.Build.0 = Debug|x64
		{21977CC3-1757-4B3B-87BD-FF817AAA900F}.Debug|x86.ActiveCfg = Debug|x86
		{21977CC3-1757-4B3B-87BD-FF817AAA900F}.Debug|x86.Build.0 = Debug|x86
		{21977CC3-1757-4B3B-87BD-FF817AAA900F}.Release|Any CPU.ActiveCfg = Release|Any CPU
		{21977CC3-1757-4B3B-87BD-FF817AAA900F}.Release|Any CPU.Build.0 = Release|Any CPU
		{21977CC3-1757-4B3B-87BD-FF817AAA900F}.Release|x64.ActiveCfg = Release|x64
		{21977CC3-1757-4B3B-87BD-FF817AAA900F}.Release|x64.Build.0 = Release|x64
		{21977CC3-1757-4B3B-87BD-FF817AAA900F}.Release|x86.ActiveCfg = Release|x86
		{21977CC3-1757-4B3B-87BD-FF817AAA900F}.Release|x86.Build.0 = Release|x86
		{4996FDBE-C9F3-4A0B-A1F1-8A1A5A1780E1}.Debug|Any CPU.ActiveCfg = Debug|Any CPU
		{4996FDBE-C9F3-4A0B-A1F1-8A1A5A1780E1}.Debug|Any CPU.Build.0 = Debug|Any CPU
		{4996FDBE-C9F3-4A0B-A1F1-8A1A5A1780E1}.Debug|x64.ActiveCfg = Debug|Any CPU
		{4996FDBE-C9F3-4A0B-A1F1-8A1A5A1780E1}.Debug|x86.ActiveCfg = Debug|Any CPU
		{4996FDBE-C9F3-4A0B-A1F1-8A1A5A1780E1}.Release|Any CPU.ActiveCfg = Release|Any CPU
		{4996FDBE-C9F3-4A0B-A1F1-8A1A5A1780E1}.Release|Any CPU.Build.0 = Release|Any CPU
		{4996FDBE-C9F3-4A0B-A1F1-8A1A5A1780E1}.Release|x64.ActiveCfg = Release|Any CPU
		{4996FDBE-C9F3-4A0B-A1F1-8A1A5A1780E1}.Release|x86.ActiveCfg = Release|Any CPU
		{0E26857A-8F65-4A60-A939-FBE90298AFAF}.Debug|Any CPU.ActiveCfg = Debug|Any CPU
		{0E26857A-8F65-4A60-A939-FBE90298AFAF}.Debug|Any CPU.Build.0 = Debug|Any CPU
		{0E26857A-8F65-4A60-A939-FBE90298AFAF}.Debug|x64.ActiveCfg = Debug|Any CPU
		{0E26857A-8F65-4A60-A939-FBE90298AFAF}.Debug|x86.ActiveCfg = Debug|Any CPU
		{0E26857A-8F65-4A60-A939-FBE90298AFAF}.Release|Any CPU.ActiveCfg = Release|Any CPU
		{0E26857A-8F65-4A60-A939-FBE90298AFAF}.Release|Any CPU.Build.0 = Release|Any CPU
		{0E26857A-8F65-4A60-A939-FBE90298AFAF}.Release|x64.ActiveCfg = Release|Any CPU
		{0E26857A-8F65-4A60-A939-FBE90298AFAF}.Release|x86.ActiveCfg = Release|Any CPU
		{CF97234D-9B43-405F-AFEA-DB13685B48EF}.Debug|Any CPU.ActiveCfg = Debug|Any CPU
		{CF97234D-9B43-405F-AFEA-DB13685B48EF}.Debug|Any CPU.Build.0 = Debug|Any CPU
		{CF97234D-9B43-405F-AFEA-DB13685B48EF}.Debug|x64.ActiveCfg = Debug|Any CPU
		{CF97234D-9B43-405F-AFEA-DB13685B48EF}.Debug|x86.ActiveCfg = Debug|Any CPU
		{CF97234D-9B43-405F-AFEA-DB13685B48EF}.Release|Any CPU.ActiveCfg = Release|Any CPU
		{CF97234D-9B43-405F-AFEA-DB13685B48EF}.Release|Any CPU.Build.0 = Release|Any CPU
		{CF97234D-9B43-405F-AFEA-DB13685B48EF}.Release|x64.ActiveCfg = Release|Any CPU
		{CF97234D-9B43-405F-AFEA-DB13685B48EF}.Release|x86.ActiveCfg = Release|Any CPU
		{E8BC9B40-560D-4A99-AB10-35FFB1D32C34}.Debug|Any CPU.ActiveCfg = Debug|Any CPU
		{E8BC9B40-560D-4A99-AB10-35FFB1D32C34}.Debug|Any CPU.Build.0 = Debug|Any CPU
		{E8BC9B40-560D-4A99-AB10-35FFB1D32C34}.Debug|x64.ActiveCfg = Debug|Any CPU
		{E8BC9B40-560D-4A99-AB10-35FFB1D32C34}.Debug|x86.ActiveCfg = Debug|Any CPU
		{E8BC9B40-560D-4A99-AB10-35FFB1D32C34}.Release|Any CPU.ActiveCfg = Release|Any CPU
		{E8BC9B40-560D-4A99-AB10-35FFB1D32C34}.Release|Any CPU.Build.0 = Release|Any CPU
		{E8BC9B40-560D-4A99-AB10-35FFB1D32C34}.Release|x64.ActiveCfg = Release|Any CPU
		{E8BC9B40-560D-4A99-AB10-35FFB1D32C34}.Release|x86.ActiveCfg = Release|Any CPU
		{2FDF548D-686F-427D-AD8E-86B7D390286A}.Debug|Any CPU.ActiveCfg = Debug|Any CPU
		{2FDF548D-686F-427D-AD8E-86B7D390286A}.Debug|Any CPU.Build.0 = Debug|Any CPU
		{2FDF548D-686F-427D-AD8E-86B7D390286A}.Debug|x64.ActiveCfg = Debug|Any CPU
		{2FDF548D-686F-427D-AD8E-86B7D390286A}.Debug|x86.ActiveCfg = Debug|Any CPU
		{2FDF548D-686F-427D-AD8E-86B7D390286A}.Release|Any CPU.ActiveCfg = Release|Any CPU
		{2FDF548D-686F-427D-AD8E-86B7D390286A}.Release|Any CPU.Build.0 = Release|Any CPU
		{2FDF548D-686F-427D-AD8E-86B7D390286A}.Release|x64.ActiveCfg = Release|Any CPU
		{2FDF548D-686F-427D-AD8E-86B7D390286A}.Release|x86.ActiveCfg = Release|Any CPU
	EndGlobalSection
	GlobalSection(SolutionProperties) = preSolution
		HideSolutionNode = FALSE
	EndGlobalSection
EndGlobal
